// !$*UTF8*$!
{
	archiveVersion = 1;
	classes = {
	};
	objectVersion = 51;
	objects = {

/* Begin PBXBuildFile section */
		2A4FC07225974C5200318BA7 /* TodoDetailView.swift in Sources */ = {isa = PBXBuildFile; fileRef = 2A4FC07125974C5200318BA7 /* TodoDetailView.swift */; };
		2A7019EC2595BEF00063CA40 /* TodoListItem.swift in Sources */ = {isa = PBXBuildFile; fileRef = 2A7019EB2595BEF00063CA40 /* TodoListItem.swift */; };
		2A7B6992259595E100EE6097 /* ListView.swift in Sources */ = {isa = PBXBuildFile; fileRef = 2A7B6991259595E100EE6097 /* ListView.swift */; };
		2AAE28AA25946918004133A0 /* TodolistApp.swift in Sources */ = {isa = PBXBuildFile; fileRef = 2AAE28A925946918004133A0 /* TodolistApp.swift */; };
		2AAE28AC25946918004133A0 /* ContentView.swift in Sources */ = {isa = PBXBuildFile; fileRef = 2AAE28AB25946918004133A0 /* ContentView.swift */; };
		2AAE28AE25946919004133A0 /* Assets.xcassets in Resources */ = {isa = PBXBuildFile; fileRef = 2AAE28AD25946919004133A0 /* Assets.xcassets */; };
		2AAE28B125946919004133A0 /* Preview Assets.xcassets in Resources */ = {isa = PBXBuildFile; fileRef = 2AAE28B025946919004133A0 /* Preview Assets.xcassets */; };
		2AAE28C125947939004133A0 /* Todo.swift in Sources */ = {isa = PBXBuildFile; fileRef = 2AAE28C025947939004133A0 /* Todo.swift */; };
		2AAE28C525949682004133A0 /* TodoViewModel.swift in Sources */ = {isa = PBXBuildFile; fileRef = 2AAE28C425949682004133A0 /* TodoViewModel.swift */; };
		2AAE28C92594A094004133A0 /* FetchTodolist.swift in Sources */ = {isa = PBXBuildFile; fileRef = 2AAE28C82594A094004133A0 /* FetchTodolist.swift */; };
		55CFD89FC512A713D000D5F4 /* Pods_Todolist.framework in Frameworks */ = {isa = PBXBuildFile; fileRef = FFB6D06FEDA2346A6ADA5998 /* Pods_Todolist.framework */; };
/* End PBXBuildFile section */

/* Begin PBXFileReference section */
		2A4FC07125974C5200318BA7 /* TodoDetailView.swift */ = {isa = PBXFileReference; lastKnownFileType = sourcecode.swift; path = TodoDetailView.swift; sourceTree = "<group>"; };
		2A7019EB2595BEF00063CA40 /* TodoListItem.swift */ = {isa = PBXFileReference; lastKnownFileType = sourcecode.swift; path = TodoListItem.swift; sourceTree = "<group>"; };
		2A7B6991259595E100EE6097 /* ListView.swift */ = {isa = PBXFileReference; lastKnownFileType = sourcecode.swift; path = ListView.swift; sourceTree = "<group>"; };
		2AAE28A625946918004133A0 /* Todolist.app */ = {isa = PBXFileReference; explicitFileType = wrapper.application; includeInIndex = 0; path = Todolist.app; sourceTree = BUILT_PRODUCTS_DIR; };
		2AAE28A925946918004133A0 /* TodolistApp.swift */ = {isa = PBXFileReference; lastKnownFileType = sourcecode.swift; path = TodolistApp.swift; sourceTree = "<group>"; };
		2AAE28AB25946918004133A0 /* ContentView.swift */ = {isa = PBXFileReference; lastKnownFileType = sourcecode.swift; path = ContentView.swift; sourceTree = "<group>"; };
		2AAE28AD25946919004133A0 /* Assets.xcassets */ = {isa = PBXFileReference; lastKnownFileType = folder.assetcatalog; path = Assets.xcassets; sourceTree = "<group>"; };
		2AAE28B025946919004133A0 /* Preview Assets.xcassets */ = {isa = PBXFileReference; lastKnownFileType = folder.assetcatalog; path = "Preview Assets.xcassets"; sourceTree = "<group>"; };
		2AAE28B225946919004133A0 /* Info.plist */ = {isa = PBXFileReference; lastKnownFileType = text.plist.xml; path = Info.plist; sourceTree = "<group>"; };
		2AAE28C025947939004133A0 /* Todo.swift */ = {isa = PBXFileReference; lastKnownFileType = sourcecode.swift; path = Todo.swift; sourceTree = "<group>"; };
		2AAE28C425949682004133A0 /* TodoViewModel.swift */ = {isa = PBXFileReference; lastKnownFileType = sourcecode.swift; path = TodoViewModel.swift; sourceTree = "<group>"; };
		2AAE28C82594A094004133A0 /* FetchTodolist.swift */ = {isa = PBXFileReference; lastKnownFileType = sourcecode.swift; path = FetchTodolist.swift; sourceTree = "<group>"; };
		D6865749D63E1515BCA19EC6 /* Pods-Todolist.release.xcconfig */ = {isa = PBXFileReference; includeInIndex = 1; lastKnownFileType = text.xcconfig; name = "Pods-Todolist.release.xcconfig"; path = "Target Support Files/Pods-Todolist/Pods-Todolist.release.xcconfig"; sourceTree = "<group>"; };
		DB8F2387AAEA27121513C2AF /* Pods-Todolist.debug.xcconfig */ = {isa = PBXFileReference; includeInIndex = 1; lastKnownFileType = text.xcconfig; name = "Pods-Todolist.debug.xcconfig"; path = "Target Support Files/Pods-Todolist/Pods-Todolist.debug.xcconfig"; sourceTree = "<group>"; };
		FFB6D06FEDA2346A6ADA5998 /* Pods_Todolist.framework */ = {isa = PBXFileReference; explicitFileType = wrapper.framework; includeInIndex = 0; path = Pods_Todolist.framework; sourceTree = BUILT_PRODUCTS_DIR; };
/* End PBXFileReference section */

/* Begin PBXFrameworksBuildPhase section */
		2AAE28A325946918004133A0 /* Frameworks */ = {
			isa = PBXFrameworksBuildPhase;
			buildActionMask = 2147483647;
			files = (
				55CFD89FC512A713D000D5F4 /* Pods_Todolist.framework in Frameworks */,
			);
			runOnlyForDeploymentPostprocessing = 0;
		};
/* End PBXFrameworksBuildPhase section */

/* Begin PBXGroup section */
		2AAE289D25946918004133A0 = {
			isa = PBXGroup;
			children = (
				2AAE28A825946918004133A0 /* Todolist */,
				2AAE28A725946918004133A0 /* Products */,
				9C45122ED75E4762581D1392 /* Pods */,
				44B7612014E5B68B9A9D26EA /* Frameworks */,
			);
			sourceTree = "<group>";
		};
		2AAE28A725946918004133A0 /* Products */ = {
			isa = PBXGroup;
			children = (
				2AAE28A625946918004133A0 /* Todolist.app */,
			);
			name = Products;
			sourceTree = "<group>";
		};
		2AAE28A825946918004133A0 /* Todolist */ = {
			isa = PBXGroup;
			children = (
				2AAE28C72594A07E004133A0 /* Service */,
				2AAE28C3259495F6004133A0 /* ViewModel */,
				2AAE28BF2594791D004133A0 /* Model */,
				2AAE28B925946943004133A0 /* View */,
				2AAE28A925946918004133A0 /* TodolistApp.swift */,
				2AAE28AD25946919004133A0 /* Assets.xcassets */,
				2AAE28B225946919004133A0 /* Info.plist */,
				2AAE28AF25946919004133A0 /* Preview Content */,
			);
			path = Todolist;
			sourceTree = "<group>";
		};
		2AAE28AF25946919004133A0 /* Preview Content */ = {
			isa = PBXGroup;
			children = (
				2AAE28B025946919004133A0 /* Preview Assets.xcassets */,
			);
			path = "Preview Content";
			sourceTree = "<group>";
		};
		2AAE28B925946943004133A0 /* View */ = {
			isa = PBXGroup;
			children = (
				2AAE28AB25946918004133A0 /* ContentView.swift */,
				2A7B6991259595E100EE6097 /* ListView.swift */,
				2A7019EB2595BEF00063CA40 /* TodoListItem.swift */,
				2A4FC07125974C5200318BA7 /* TodoDetailView.swift */,
			);
			path = View;
			sourceTree = "<group>";
		};
		2AAE28BF2594791D004133A0 /* Model */ = {
			isa = PBXGroup;
			children = (
				2AAE28C025947939004133A0 /* Todo.swift */,
			);
			path = Model;
			sourceTree = "<group>";
		};
		2AAE28C3259495F6004133A0 /* ViewModel */ = {
			isa = PBXGroup;
			children = (
				2AAE28C425949682004133A0 /* TodoViewModel.swift */,
			);
			path = ViewModel;
			sourceTree = "<group>";
		};
		2AAE28C72594A07E004133A0 /* Service */ = {
			isa = PBXGroup;
			children = (
				2AAE28C82594A094004133A0 /* FetchTodolist.swift */,
			);
			path = Service;
			sourceTree = "<group>";
		};
		44B7612014E5B68B9A9D26EA /* Frameworks */ = {
			isa = PBXGroup;
			children = (
				FFB6D06FEDA2346A6ADA5998 /* Pods_Todolist.framework */,
			);
			name = Frameworks;
			sourceTree = "<group>";
		};
		9C45122ED75E4762581D1392 /* Pods */ = {
			isa = PBXGroup;
			children = (
				DB8F2387AAEA27121513C2AF /* Pods-Todolist.debug.xcconfig */,
				D6865749D63E1515BCA19EC6 /* Pods-Todolist.release.xcconfig */,
			);
			path = Pods;
			sourceTree = "<group>";
		};
/* End PBXGroup section */

/* Begin PBXNativeTarget section */
		2AAE28A525946918004133A0 /* Todolist */ = {
			isa = PBXNativeTarget;
			buildConfigurationList = 2AAE28B525946919004133A0 /* Build configuration list for PBXNativeTarget "Todolist" */;
			buildPhases = (
				BD065892D398B5D429D6BA62 /* [CP] Check Pods Manifest.lock */,
				2AAE28A225946918004133A0 /* Sources */,
				2AAE28A325946918004133A0 /* Frameworks */,
				2AAE28A425946918004133A0 /* Resources */,
				B40219EDED6D6FF5BD8694BC /* [CP] Embed Pods Frameworks */,
			);
			buildRules = (
			);
			dependencies = (
			);
			name = Todolist;
			productName = Todolist;
			productReference = 2AAE28A625946918004133A0 /* Todolist.app */;
			productType = "com.apple.product-type.application";
		};
/* End PBXNativeTarget section */

/* Begin PBXProject section */
		2AAE289E25946918004133A0 /* Project object */ = {
			isa = PBXProject;
			attributes = {
				LastSwiftUpdateCheck = 1230;
				LastUpgradeCheck = 1230;
				TargetAttributes = {
					2AAE28A525946918004133A0 = {
						CreatedOnToolsVersion = 12.3;
					};
				};
			};
			buildConfigurationList = 2AAE28A125946918004133A0 /* Build configuration list for PBXProject "Todolist" */;
			compatibilityVersion = "Xcode 9.3";
			developmentRegion = en;
			hasScannedForEncodings = 0;
			knownRegions = (
				en,
				Base,
			);
			mainGroup = 2AAE289D25946918004133A0;
			productRefGroup = 2AAE28A725946918004133A0 /* Products */;
			projectDirPath = "";
			projectRoot = "";
			targets = (
				2AAE28A525946918004133A0 /* Todolist */,
			);
		};
/* End PBXProject section */

/* Begin PBXResourcesBuildPhase section */
		2AAE28A425946918004133A0 /* Resources */ = {
			isa = PBXResourcesBuildPhase;
			buildActionMask = 2147483647;
			files = (
				2AAE28B125946919004133A0 /* Preview Assets.xcassets in Resources */,
				2AAE28AE25946919004133A0 /* Assets.xcassets in Resources */,
			);
			runOnlyForDeploymentPostprocessing = 0;
		};
/* End PBXResourcesBuildPhase section */

/* Begin PBXShellScriptBuildPhase section */
		B40219EDED6D6FF5BD8694BC /* [CP] Embed Pods Frameworks */ = {
			isa = PBXShellScriptBuildPhase;
			buildActionMask = 2147483647;
			files = (
			);
			inputFileListPaths = (
				"${PODS_ROOT}/Target Support Files/Pods-Todolist/Pods-Todolist-frameworks-${CONFIGURATION}-input-files.xcfilelist",
			);
			name = "[CP] Embed Pods Frameworks";
			outputFileListPaths = (
				"${PODS_ROOT}/Target Support Files/Pods-Todolist/Pods-Todolist-frameworks-${CONFIGURATION}-output-files.xcfilelist",
			);
			runOnlyForDeploymentPostprocessing = 0;
			shellPath = /bin/sh;
			shellScript = "\"${PODS_ROOT}/Target Support Files/Pods-Todolist/Pods-Todolist-frameworks.sh\"\n";
			showEnvVarsInLog = 0;
		};
		BD065892D398B5D429D6BA62 /* [CP] Check Pods Manifest.lock */ = {
			isa = PBXShellScriptBuildPhase;
			buildActionMask = 2147483647;
			files = (
			);
			inputFileListPaths = (
			);
			inputPaths = (
				"${PODS_PODFILE_DIR_PATH}/Podfile.lock",
				"${PODS_ROOT}/Manifest.lock",
			);
			name = "[CP] Check Pods Manifest.lock";
			outputFileListPaths = (
			);
			outputPaths = (
				"$(DERIVED_FILE_DIR)/Pods-Todolist-checkManifestLockResult.txt",
			);
			runOnlyForDeploymentPostprocessing = 0;
			shellPath = /bin/sh;
			shellScript = "diff \"${PODS_PODFILE_DIR_PATH}/Podfile.lock\" \"${PODS_ROOT}/Manifest.lock\" > /dev/null\nif [ $? != 0 ] ; then\n    # print error to STDERR\n    echo \"error: The sandbox is not in sync with the Podfile.lock. Run 'pod install' or update your CocoaPods installation.\" >&2\n    exit 1\nfi\n# This output is used by Xcode 'outputs' to avoid re-running this script phase.\necho \"SUCCESS\" > \"${SCRIPT_OUTPUT_FILE_0}\"\n";
			showEnvVarsInLog = 0;
		};
/* End PBXShellScriptBuildPhase section */

/* Begin PBXSourcesBuildPhase section */
		2AAE28A225946918004133A0 /* Sources */ = {
			isa = PBXSourcesBuildPhase;
			buildActionMask = 2147483647;
			files = (
				2AAE28C525949682004133A0 /* TodoViewModel.swift in Sources */,
				2AAE28AC25946918004133A0 /* ContentView.swift in Sources */,
				2AAE28C125947939004133A0 /* Todo.swift in Sources */,
				2A4FC07225974C5200318BA7 /* TodoDetailView.swift in Sources */,
				2A7B6992259595E100EE6097 /* ListView.swift in Sources */,
				2A7019EC2595BEF00063CA40 /* TodoListItem.swift in Sources */,
				2AAE28AA25946918004133A0 /* TodolistApp.swift in Sources */,
				2AAE28C92594A094004133A0 /* FetchTodolist.swift in Sources */,
			);
			runOnlyForDeploymentPostprocessing = 0;
		};
/* End PBXSourcesBuildPhase section */

/* Begin XCBuildConfiguration section */
		2AAE28B325946919004133A0 /* Debug */ = {
			isa = XCBuildConfiguration;
			buildSettings = {
				ALWAYS_SEARCH_USER_PATHS = NO;
				CLANG_ANALYZER_NONNULL = YES;
				CLANG_ANALYZER_NUMBER_OBJECT_CONVERSION = YES_AGGRESSIVE;
				CLANG_CXX_LANGUAGE_STANDARD = "gnu++14";
				CLANG_CXX_LIBRARY = "libc++";
				CLANG_ENABLE_MODULES = YES;
				CLANG_ENABLE_OBJC_ARC = YES;
				CLANG_ENABLE_OBJC_WEAK = YES;
				CLANG_WARN_BLOCK_CAPTURE_AUTORELEASING = YES;
				CLANG_WARN_BOOL_CONVERSION = YES;
				CLANG_WARN_COMMA = YES;
				CLANG_WARN_CONSTANT_CONVERSION = YES;
				CLANG_WARN_DEPRECATED_OBJC_IMPLEMENTATIONS = YES;
				CLANG_WARN_DIRECT_OBJC_ISA_USAGE = YES_ERROR;
				CLANG_WARN_DOCUMENTATION_COMMENTS = YES;
				CLANG_WARN_EMPTY_BODY = YES;
				CLANG_WARN_ENUM_CONVERSION = YES;
				CLANG_WARN_INFINITE_RECURSION = YES;
				CLANG_WARN_INT_CONVERSION = YES;
				CLANG_WARN_NON_LITERAL_NULL_CONVERSION = YES;
				CLANG_WARN_OBJC_IMPLICIT_RETAIN_SELF = YES;
				CLANG_WARN_OBJC_LITERAL_CONVERSION = YES;
				CLANG_WARN_OBJC_ROOT_CLASS = YES_ERROR;
				CLANG_WARN_QUOTED_INCLUDE_IN_FRAMEWORK_HEADER = YES;
				CLANG_WARN_RANGE_LOOP_ANALYSIS = YES;
				CLANG_WARN_STRICT_PROTOTYPES = YES;
				CLANG_WARN_SUSPICIOUS_MOVE = YES;
				CLANG_WARN_UNGUARDED_AVAILABILITY = YES_AGGRESSIVE;
				CLANG_WARN_UNREACHABLE_CODE = YES;
				CLANG_WARN__DUPLICATE_METHOD_MATCH = YES;
				COPY_PHASE_STRIP = NO;
				DEBUG_INFORMATION_FORMAT = dwarf;
				ENABLE_STRICT_OBJC_MSGSEND = YES;
				ENABLE_TESTABILITY = YES;
				GCC_C_LANGUAGE_STANDARD = gnu11;
				GCC_DYNAMIC_NO_PIC = NO;
				GCC_NO_COMMON_BLOCKS = YES;
				GCC_OPTIMIZATION_LEVEL = 0;
				GCC_PREPROCESSOR_DEFINITIONS = (
					"DEBUG=1",
					"$(inherited)",
				);
				GCC_WARN_64_TO_32_BIT_CONVERSION = YES;
				GCC_WARN_ABOUT_RETURN_TYPE = YES_ERROR;
				GCC_WARN_UNDECLARED_SELECTOR = YES;
				GCC_WARN_UNINITIALIZED_AUTOS = YES_AGGRESSIVE;
				GCC_WARN_UNUSED_FUNCTION = YES;
				GCC_WARN_UNUSED_VARIABLE = YES;
				IPHONEOS_DEPLOYMENT_TARGET = 14.3;
				MTL_ENABLE_DEBUG_INFO = INCLUDE_SOURCE;
				MTL_FAST_MATH = YES;
				ONLY_ACTIVE_ARCH = YES;
				SDKROOT = iphoneos;
				SWIFT_ACTIVE_COMPILATION_CONDITIONS = DEBUG;
				SWIFT_OPTIMIZATION_LEVEL = "-Onone";
			};
			name = Debug;
		};
		2AAE28B425946919004133A0 /* Release */ = {
			isa = XCBuildConfiguration;
			buildSettings = {
				ALWAYS_SEARCH_USER_PATHS = NO;
				CLANG_ANALYZER_NONNULL = YES;
				CLANG_ANALYZER_NUMBER_OBJECT_CONVERSION = YES_AGGRESSIVE;
				CLANG_CXX_LANGUAGE_STANDARD = "gnu++14";
				CLANG_CXX_LIBRARY = "libc++";
				CLANG_ENABLE_MODULES = YES;
				CLANG_ENABLE_OBJC_ARC = YES;
				CLANG_ENABLE_OBJC_WEAK = YES;
				CLANG_WARN_BLOCK_CAPTURE_AUTORELEASING = YES;
				CLANG_WARN_BOOL_CONVERSION = YES;
				CLANG_WARN_COMMA = YES;
				CLANG_WARN_CONSTANT_CONVERSION = YES;
				CLANG_WARN_DEPRECATED_OBJC_IMPLEMENTATIONS = YES;
				CLANG_WARN_DIRECT_OBJC_ISA_USAGE = YES_ERROR;
				CLANG_WARN_DOCUMENTATION_COMMENTS = YES;
				CLANG_WARN_EMPTY_BODY = YES;
				CLANG_WARN_ENUM_CONVERSION = YES;
				CLANG_WARN_INFINITE_RECURSION = YES;
				CLANG_WARN_INT_CONVERSION = YES;
				CLANG_WARN_NON_LITERAL_NULL_CONVERSION = YES;
				CLANG_WARN_OBJC_IMPLICIT_RETAIN_SELF = YES;
				CLANG_WARN_OBJC_LITERAL_CONVERSION = YES;
				CLANG_WARN_OBJC_ROOT_CLASS = YES_ERROR;
				CLANG_WARN_QUOTED_INCLUDE_IN_FRAMEWORK_HEADER = YES;
				CLANG_WARN_RANGE_LOOP_ANALYSIS = YES;
				CLANG_WARN_STRICT_PROTOTYPES = YES;
				CLANG_WARN_SUSPICIOUS_MOVE = YES;
				CLANG_WARN_UNGUARDED_AVAILABILITY = YES_AGGRESSIVE;
				CLANG_WARN_UNREACHABLE_CODE = YES;
				CLANG_WARN__DUPLICATE_METHOD_MATCH = YES;
				COPY_PHASE_STRIP = NO;
				DEBUG_INFORMATION_FORMAT = "dwarf-with-dsym";
				ENABLE_NS_ASSERTIONS = NO;
				ENABLE_STRICT_OBJC_MSGSEND = YES;
				GCC_C_LANGUAGE_STANDARD = gnu11;
				GCC_NO_COMMON_BLOCKS = YES;
				GCC_WARN_64_TO_32_BIT_CONVERSION = YES;
				GCC_WARN_ABOUT_RETURN_TYPE = YES_ERROR;
				GCC_WARN_UNDECLARED_SELECTOR = YES;
				GCC_WARN_UNINITIALIZED_AUTOS = YES_AGGRESSIVE;
				GCC_WARN_UNUSED_FUNCTION = YES;
				GCC_WARN_UNUSED_VARIABLE = YES;
				IPHONEOS_DEPLOYMENT_TARGET = 14.3;
				MTL_ENABLE_DEBUG_INFO = NO;
				MTL_FAST_MATH = YES;
				SDKROOT = iphoneos;
				SWIFT_COMPILATION_MODE = wholemodule;
				SWIFT_OPTIMIZATION_LEVEL = "-O";
				VALIDATE_PRODUCT = YES;
			};
			name = Release;
		};
		2AAE28B625946919004133A0 /* Debug */ = {
			isa = XCBuildConfiguration;
			baseConfigurationReference = DB8F2387AAEA27121513C2AF /* Pods-Todolist.debug.xcconfig */;
			buildSettings = {
				ASSETCATALOG_COMPILER_APPICON_NAME = AppIcon;
				ASSETCATALOG_COMPILER_GLOBAL_ACCENT_COLOR_NAME = AccentColor;
				CODE_SIGN_STYLE = Automatic;
				DEVELOPMENT_ASSET_PATHS = "\"Todolist/Preview Content\"";
				DEVELOPMENT_TEAM = SRD476XUQA;
				ENABLE_PREVIEWS = YES;
				INFOPLIST_FILE = Todolist/Info.plist;
				IPHONEOS_DEPLOYMENT_TARGET = 14.0;
				LD_RUNPATH_SEARCH_PATHS = (
					"$(inherited)",
					"@executable_path/Frameworks",
				);
				PRODUCT_BUNDLE_IDENTIFIER = com.zhangyu1818.todolist;
				PRODUCT_NAME = "$(TARGET_NAME)";
				SWIFT_VERSION = 5.0;
				TARGETED_DEVICE_FAMILY = "1,2";
			};
			name = Debug;
		};
		2AAE28B725946919004133A0 /* Release */ = {
			isa = XCBuildConfiguration;
			baseConfigurationReference = D6865749D63E1515BCA19EC6 /* Pods-Todolist.release.xcconfig */;
			buildSettings = {
				ASSETCATALOG_COMPILER_APPICON_NAME = AppIcon;
				ASSETCATALOG_COMPILER_GLOBAL_ACCENT_COLOR_NAME = AccentColor;
				CODE_SIGN_STYLE = Automatic;
				DEVELOPMENT_ASSET_PATHS = "\"Todolist/Preview Content\"";
				DEVELOPMENT_TEAM = SRD476XUQA;
				ENABLE_PREVIEWS = YES;
				INFOPLIST_FILE = Todolist/Info.plist;
				IPHONEOS_DEPLOYMENT_TARGET = 14.0;
				LD_RUNPATH_SEARCH_PATHS = (
					"$(inherited)",
					"@executable_path/Frameworks",
				);
				PRODUCT_BUNDLE_IDENTIFIER = com.zhangyu1818.todolist;
				PRODUCT_NAME = "$(TARGET_NAME)";
				SWIFT_VERSION = 5.0;
				TARGETED_DEVICE_FAMILY = "1,2";
			};
			name = Release;
		};
/* End XCBuildConfiguration section */

/* Begin XCConfigurationList section */
		2AAE28A125946918004133A0 /* Build configuration list for PBXProject "Todolist" */ = {
			isa = XCConfigurationList;
			buildConfigurations = (
				2AAE28B325946919004133A0 /* Debug */,
				2AAE28B425946919004133A0 /* Release */,
			);
			defaultConfigurationIsVisible = 0;
			defaultConfigurationName = Release;
		};
		2AAE28B525946919004133A0 /* Build configuration list for PBXNativeTarget "Todolist" */ = {
			isa = XCConfigurationList;
			buildConfigurations = (
				2AAE28B625946919004133A0 /* Debug */,
				2AAE28B725946919004133A0 /* Release */,
			);
			defaultConfigurationIsVisible = 0;
			defaultConfigurationName = Release;
		};
/* End XCConfigurationList section */
	};
	rootObject = 2AAE289E25946918004133A0 /* Project object */;
}
